{
  "name": "malinkatrees",
  "version": "1.0.0",
  "lockfileVersion": 3,
  "requires": true,
  "packages": {
    "": {
      "name": "malinkatrees",
      "version": "1.0.0",
      "dependencies": {
        "@wharfkit/session": "^1.6.1",
        "@wharfkit/wallet-plugin-anchor": "^1.6.1",
        "@wharfkit/web-renderer": "^1.4.3",
        "isomorphic-ws": "^5.0.0"
      }
    },
    "node_modules/@greymass/buoy": {
      "version": "1.0.4",
      "resolved": "https://registry.npmjs.org/@greymass/buoy/-/buoy-1.0.4.tgz",
      "integrity": "sha512-/O9EsjWJw81TiJcvKqMKxjrJpEfHKh8WcUK07gFT+uS0+JUKfoVrYVQn1qNOAdYWU+AZrhZJop8xP/LYmKfGHg==",
      "license": "BSD-3-Clause",
      "dependencies": {
        "eventemitter3": "^4.0.7",
        "tslib": "^2.1.0"
      }
    },
    "node_modules/@greymass/miniaes": {
      "version": "1.0.0",
      "resolved": "https://registry.npmjs.org/@greymass/miniaes/-/miniaes-1.0.0.tgz",
      "integrity": "sha512-xKYTnAyyoq3gpJS11JvU4dkju28M8Zbp06CuP3aKR4DMH6B2z64LauGGGzKksKh5Qd770JA/dzhLbImnBlymbg==",
      "license": "BSD-3-Clause",
      "dependencies": {
        "tslib": "^2.1.0"
      }
    },
    "node_modules/@wharfkit/abicache": {
      "version": "1.2.2",
      "resolved": "https://registry.npmjs.org/@wharfkit/abicache/-/abicache-1.2.2.tgz",
      "integrity": "sha512-yOsYz2qQpQy7Nb8XZj62pZqp8YnmWDqFlrenYksBb9jl+1aWIpFhWd+14VEez4tUAezRH4UWW+w1SX5vhmUY9A==",
      "license": "BSD-3-Clause",
      "dependencies": {
        "@wharfkit/antelope": "^1.0.2",
        "@wharfkit/signing-request": "^3.1.0",
        "pako": "^2.0.4",
        "tslib": "^2.1.0"
      }
    },
    "node_modules/@wharfkit/antelope": {
      "version": "1.1.1",
      "resolved": "https://registry.npmjs.org/@wharfkit/antelope/-/antelope-1.1.1.tgz",
      "integrity": "sha512-zOetZJG0T4/WRCIC8Ui2DGv+RxrSkdXOq/q8sUqUcuKei+aJo4/9Xk37VULPt2qe0NpTm93ajYV9cYdD9m5Fgg==",
      "license": "BSD-3-Clause-No-Military-License",
      "dependencies": {
        "bn.js": "^4.11.9",
        "brorand": "^1.1.0",
        "elliptic": "^6.5.4",
        "hash.js": "^1.0.0",
        "pako": "^2.1.0",
        "tslib": "^2.0.3"
      }
    },
    "node_modules/@wharfkit/common": {
      "version": "1.5.0",
      "resolved": "https://registry.npmjs.org/@wharfkit/common/-/common-1.5.0.tgz",
      "integrity": "sha512-eqXkOy+vshcEzK8kED+EsoTPJjlBKHYglgV9CBnZQgIlGrWIRXWH4YaXH3W7EbI/nCRJCaNqxm5fC+pgpFcp8g==",
      "license": "BSD-3-Clause",
      "dependencies": {
        "tslib": "^2.1.0"
      },
      "peerDependencies": {
        "@wharfkit/antelope": "^1.0.0"
      }
    },
    "node_modules/@wharfkit/protocol-esr": {
      "version": "1.6.0",
      "resolved": "https://registry.npmjs.org/@wharfkit/protocol-esr/-/protocol-esr-1.6.0.tgz",
      "integrity": "sha512-hcNbQbbnFRoBb2tNP6enwBc61Xj7dr7NcZTr+RxdtIs06+eUwqtMnzXJhN57kh+MUBXXhbhZkmNiE8CMc3hZTg==",
      "license": "BSD-3-Clause",
      "dependencies": {
        "@greymass/buoy": "^1.0.3",
        "@wharfkit/antelope": "^1.1.0",
        "@wharfkit/sealed-messages": "^1.2.0",
        "isomorphic-ws": "^5.0.0",
        "ws": "^8.13.0"
      },
      "peerDependencies": {
        "@wharfkit/session": "^1.2.7"
      }
    },
    "node_modules/@wharfkit/sealed-messages": {
      "version": "1.2.0",
      "resolved": "https://registry.npmjs.org/@wharfkit/sealed-messages/-/sealed-messages-1.2.0.tgz",
      "integrity": "sha512-AnJJY1U6gOLyhcw7HTJUb0t6uSb/cO3FACuOMnKBmKtp8AFrhEDntwgm5yF8kBh/eoreLDvILlAPANOsig8JGA==",
      "license": "BSD-3-Clause",
      "dependencies": {
        "@greymass/miniaes": "^1.0.0",
        "@wharfkit/antelope": "^1.1.0"
      }
    },
    "node_modules/@wharfkit/session": {
      "version": "1.6.1",
      "resolved": "https://registry.npmjs.org/@wharfkit/session/-/session-1.6.1.tgz",
      "integrity": "sha512-k6ntDGOe8bvD/Ps0erTPTFMdYVFrw5cRvPcEwxytlmRRcNV/M8xWcpCYWdmGDxa8QYqynf/hAkbVh1PSwRGl5A==",
      "license": "BSD-3-Clause",
      "dependencies": {
        "@wharfkit/abicache": "^1.2.1",
        "@wharfkit/antelope": "^1.0.11",
        "@wharfkit/common": "^1.2.0",
        "@wharfkit/signing-request": "^3.1.0",
        "pako": "^2.0.4",
        "tslib": "^2.1.0"
      }
    },
    "node_modules/@wharfkit/signing-request": {
      "version": "3.4.0",
      "resolved": "https://registry.npmjs.org/@wharfkit/signing-request/-/signing-request-3.4.0.tgz",
      "integrity": "sha512-WstXfmR9i5pKaYXDUwNFNCgBIvN6u5IRGWSfj5O3XzthbtJUmRoJNtjGMaNnUqZ1MMx5YY4/JpY3b2e6LbpXLw==",
      "license": "MIT",
      "dependencies": {
        "@wharfkit/antelope": "^1.1.1",
        "tslib": "^2.0.3"
      }
    },
    "node_modules/@wharfkit/wallet-plugin-anchor": {
      "version": "1.6.1",
      "resolved": "https://registry.npmjs.org/@wharfkit/wallet-plugin-anchor/-/wallet-plugin-anchor-1.6.1.tgz",
      "integrity": "sha512-IZaIFcM/7wQ2EWa5D3YsW/NRAVeW/+JlpjwsLGARo0rIaWxCPWlUOBjBf533EUnbnGLzpEpGI0ol5WZR97fhdA==",
      "license": "BSD-3-Clause",
      "dependencies": {
        "@wharfkit/antelope": "^1.0.5",
        "@wharfkit/protocol-esr": "^1.6.0",
        "isomorphic-ws": "^5.0.0",
        "ws": "^8.13.0"
      },
      "peerDependencies": {
        "@wharfkit/session": "^1.2.7"
      }
    },
    "node_modules/@wharfkit/web-renderer": {
      "version": "1.4.3",
      "resolved": "https://registry.npmjs.org/@wharfkit/web-renderer/-/web-renderer-1.4.3.tgz",
      "integrity": "sha512-rNmToX67Rv/QOLj8USrS9wDH0OKXq5H6jGqJu5BIcLnc1Equ/hzMHdQ3oW830Bd0AEqjI57JK8nxESC0Q/w4Sw==",
      "license": "BSD-3-Clause",
      "peerDependencies": {
        "@wharfkit/session": "^1.4.0"
      }
    },
    "node_modules/bn.js": {
      "version": "4.12.2",
      "resolved": "https://registry.npmjs.org/bn.js/-/bn.js-4.12.2.tgz",
      "integrity": "sha512-n4DSx829VRTRByMRGdjQ9iqsN0Bh4OolPsFnaZBLcbi8iXcB+kJ9s7EnRt4wILZNV3kPLHkRVfOc/HvhC3ovDw==",
      "license": "MIT"
    },
    "node_modules/brorand": {
      "version": "1.1.0",
      "resolved": "https://registry.npmjs.org/brorand/-/brorand-1.1.0.tgz",
      "integrity": "sha512-cKV8tMCEpQs4hK/ik71d6LrPOnpkpGBR0wzxqr68g2m/LB2GxVYQroAjMJZRVM1Y4BCjCKc3vAamxSzOY2RP+w==",
      "license": "MIT"
    },
    "node_modules/elliptic": {
      "version": "6.6.1",
      "resolved": "https://registry.npmjs.org/elliptic/-/elliptic-6.6.1.tgz",
      "integrity": "sha512-RaddvvMatK2LJHqFJ+YA4WysVN5Ita9E35botqIYspQ4TkRAlCicdzKOjlyv/1Za5RyTNn7di//eEV0uTAfe3g==",
      "license": "MIT",
      "dependencies": {
        "bn.js": "^4.11.9",
        "brorand": "^1.1.0",
        "hash.js": "^1.0.0",
        "hmac-drbg": "^1.0.1",
        "inherits": "^2.0.4",
        "minimalistic-assert": "^1.0.1",
        "minimalistic-crypto-utils": "^1.0.1"
      }
    },
    "node_modules/eventemitter3": {
      "version": "4.0.7",
      "resolved": "https://registry.npmjs.org/eventemitter3/-/eventemitter3-4.0.7.tgz",
      "integrity": "sha512-8guHBZCwKnFhYdHr2ysuRWErTwhoN2X8XELRlrRwpmfeY2jjuUN4taQMsULKUVo1K4DvZl+0pgfyoysHxvmvEw==",
      "license": "MIT"
    },
    "node_modules/hash.js": {
      "version": "1.1.7",
      "resolved": "https://registry.npmjs.org/hash.js/-/hash.js-1.1.7.tgz",
      "integrity": "sha512-taOaskGt4z4SOANNseOviYDvjEJinIkRgmp7LbKP2YTTmVxWBl87s/uzK9r+44BclBSp2X7K1hqeNfz9JbBeXA==",
      "license": "MIT",
      "dependencies": {
        "inherits": "^2.0.3",
        "minimalistic-assert": "^1.0.1"
      }
    },
    "node_modules/hmac-drbg": {
      "version": "1.0.1",
      "resolved": "https://registry.npmjs.org/hmac-drbg/-/hmac-drbg-1.0.1.tgz",
      "integrity": "sha512-Tti3gMqLdZfhOQY1Mzf/AanLiqh1WTiJgEj26ZuYQ9fbkLomzGchCws4FyrSd4VkpBfiNhaE1On+lOz894jvXg==",
      "license": "MIT",
      "dependencies": {
        "hash.js": "^1.0.3",
        "minimalistic-assert": "^1.0.0",
        "minimalistic-crypto-utils": "^1.0.1"
      }
    },
    "node_modules/inherits": {
      "version": "2.0.4",
      "resolved": "https://registry.npmjs.org/inherits/-/inherits-2.0.4.tgz",
      "integrity": "sha512-k/vGaX4/Yla3WzyMCvTQOXYeIHvqOKtnqBduzTHpzpQZzAskKMhZ2K+EnBiSM9zGSoIFeMpXKxa4dYeZIQqewQ==",
      "license": "ISC"
    },
    "node_modules/isomorphic-ws": {
      "version": "5.0.0",
      "resolved": "https://registry.npmjs.org/isomorphic-ws/-/isomorphic-ws-5.0.0.tgz",
      "integrity": "sha512-muId7Zzn9ywDsyXgTIafTry2sV3nySZeUDe6YedVd1Hvuuep5AsIlqK+XefWpYTyJG5e503F2xIuT2lcU6rCSw==",
      "license": "MIT",
      "peerDependencies": {
        "ws": "*"
      }
    },
    "node_modules/minimalistic-assert": {
      "version": "1.0.1",
      "resolved": "https://registry.npmjs.org/minimalistic-assert/-/minimalistic-assert-1.0.1.tgz",
      "integrity": "sha512-UtJcAD4yEaGtjPezWuO9wC4nwUnVH/8/Im3yEHQP4b67cXlD/Qr9hdITCU1xDbSEXg2XKNaP8jsReV7vQd00/A==",
      "license": "ISC"
    },
    "node_modules/minimalistic-crypto-utils": {
      "version": "1.0.1",
      "resolved": "https://registry.npmjs.org/minimalistic-crypto-utils/-/minimalistic-crypto-utils-1.0.1.tgz",
      "integrity": "sha512-JIYlbt6g8i5jKfJ3xz7rF0LXmv2TkDxBLUkiBeZ7bAx4GnnNMr8xFpGnOxn6GhTEHx3SjRrZEoU+j04prX1ktg==",
      "license": "MIT"
    },
    "node_modules/pako": {
      "version": "2.1.0",
      "resolved": "https://registry.npmjs.org/pako/-/pako-2.1.0.tgz",
      "integrity": "sha512-w+eufiZ1WuJYgPXbV/PO3NCMEc3xqylkKHzp8bxp1uW4qaSNQUkwmLLEc3kKsfz8lpV1F8Ht3U1Cm+9Srog2ug==",
      "license": "(MIT AND Zlib)"
    },
    "node_modules/tslib": {
      "version": "2.8.1",
      "resolved": "https://registry.npmjs.org/tslib/-/tslib-2.8.1.tgz",
      "integrity": "sha512-oJFu94HQb+KVduSUQL7wnpmqnfmLsOA/nAh6b6EH0wCEoK0/mPeXU6c3wKDV83MkOuHPRHtSXKKU99IBazS/2w==",
      "license": "0BSD"
    },
    "node_modules/ws": {
      "version": "8.18.3",
      "resolved": "https://registry.npmjs.org/ws/-/ws-8.18.3.tgz",
      "integrity": "sha512-PEIGCY5tSlUt50cqyMXfCzX+oOPqN0vuGqWzbcJ2xvnkzkq46oOpz7dQaTDBdfICb4N14+GARUDw2XV2N4tvzg==",
      "license": "MIT",
      "engines": {
        "node": ">=10.0.0"
      },
      "peerDependencies": {
        "bufferutil": "^4.0.1",
        "utf-8-validate": ">=5.0.2"
      },
      "peerDependenciesMeta": {
        "bufferutil": {
          "optional": true
        },
        "utf-8-validate": {
          "optional": true
        }
      }
    }
  }
}
